// !$*UTF8*$!
{
	archiveVersion = 1;
	classes = {
	};
	objectVersion = 56;
	objects = {

/* Begin PBXBuildFile section */
		FED3AD92C2264A13B4916C62 /* SimNapDemoApp.swift in Sources */ = {isa = PBXBuildFile; fileRef = 1D148D70A06E4B208EC69028 /* SimNapDemoApp.swift */; };
		7E815486992F4A5A90DCEBD8 /* ContentView.swift in Sources */ = {isa = PBXBuildFile; fileRef = 293C635B7AC44A92A802B2DB /* ContentView.swift */; };
		718559AE739E48A99BF862BC /* SimulatorNetworkCore in Frameworks */ = {isa = PBXBuildFile; productRef = 89ABF95FE9D347BB8A9A608D /* SimulatorNetworkCore */; };
		B0D1DDF9029D4BCD8A1F3F0E /* RequestClient.swift in Sources */ = {isa = PBXBuildFile; fileRef = 7B7082CCF50D4816A049F65D /* RequestClient.swift */; };
		E993B251EC804815AC2A6A9E /* ScenarioRunner.swift in Sources */ = {isa = PBXBuildFile; fileRef = 8941F2BD073B478BB20BABCE /* ScenarioRunner.swift */; };
		537F974F443F46B8A36ECC2A /* HostAppProtocol.swift in Sources */ = {isa = PBXBuildFile; fileRef = C301FCC20CE54A529EE12438 /* HostAppProtocol.swift */; };
/* End PBXBuildFile section */

/* Begin PBXFileReference section */
		1D148D70A06E4B208EC69028 /* SimNapDemoApp.swift */ = {isa = PBXFileReference; lastKnownFileType = sourcecode.swift; path = SimNapDemoApp.swift; sourceTree = "<group>"; };
		293C635B7AC44A92A802B2DB /* ContentView.swift */ = {isa = PBXFileReference; lastKnownFileType = sourcecode.swift; path = ContentView.swift; sourceTree = "<group>"; };
		C77DED2E329D4A6AB13F20A3 /* SimNapDemo.app */ = {isa = PBXFileReference; explicitFileType = wrapper.application; includeInIndex = 0; path = SimNapDemo.app; sourceTree = BUILT_PRODUCTS_DIR; };
		7B7082CCF50D4816A049F65D /* RequestClient.swift */ = {isa = PBXFileReference; lastKnownFileType = sourcecode.swift; path = RequestClient.swift; sourceTree = "<group>"; };
		8941F2BD073B478BB20BABCE /* ScenarioRunner.swift */ = {isa = PBXFileReference; lastKnownFileType = sourcecode.swift; path = ScenarioRunner.swift; sourceTree = "<group>"; };
		C301FCC20CE54A529EE12438 /* HostAppProtocol.swift */ = {isa = PBXFileReference; lastKnownFileType = sourcecode.swift; path = HostAppProtocol.swift; sourceTree = "<group>"; };
/* End PBXFileReference section */

/* Begin PBXFrameworksBuildPhase section */
		C95ACB7AB1E14221AD9812BC /* Frameworks */ = {
			isa = PBXFrameworksBuildPhase;
			buildActionMask = 2147483647;
			files = (
				718559AE739E48A99BF862BC /* SimulatorNetworkCore in Frameworks */,
			);
			runOnlyForDeploymentPostprocessing = 0;
		};
/* End PBXFrameworksBuildPhase section */

/* Begin PBXGroup section */
		634F911F14C64960BDA0A9D4 = {
			isa = PBXGroup;
			children = (
				0A8527AAEFD643DD94B7F2B3 /* SimNapDemo */,
				6765CC8CBFF14D80B2ABDE62 /* Products */,
			);
			sourceTree = "<group>";
		};
		6765CC8CBFF14D80B2ABDE62 /* Products */ = {
			isa = PBXGroup;
			children = (
				C77DED2E329D4A6AB13F20A3 /* SimNapDemo.app */,
			);
			name = Products;
			sourceTree = "<group>";
		};
		0A8527AAEFD643DD94B7F2B3 /* SimNapDemo */ = {
			isa = PBXGroup;
			children = (
				1D148D70A06E4B208EC69028 /* SimNapDemoApp.swift */,
				293C635B7AC44A92A802B2DB /* ContentView.swift */,
				7B7082CCF50D4816A049F65D /* RequestClient.swift */,
				8941F2BD073B478BB20BABCE /* ScenarioRunner.swift */,
				C301FCC20CE54A529EE12438 /* HostAppProtocol.swift */,
			);
			path = SimNapDemo;
			sourceTree = "<group>";
		};
/* End PBXGroup section */

/* Begin PBXNativeTarget section */
		6BDF78A5760E485CB6F1EF25 /* SimNapDemo */ = {
			isa = PBXNativeTarget;
			buildConfigurationList = 1474B345AC064B43B41455AC /* Build configuration list for PBXNativeTarget "SimNapDemo" */;
			buildPhases = (
				35BC0E11E50F468682710575 /* Sources */,
				C95ACB7AB1E14221AD9812BC /* Frameworks */,
				A2D03F9E57EE452D95104831 /* Resources */,
			);
			buildRules = (
			);
			dependencies = (
			);
			name = SimNapDemo;
			packageProductDependencies = (
				89ABF95FE9D347BB8A9A608D /* SimulatorNetworkCore */,
			);
			productName = SimNapDemo;
			productReference = C77DED2E329D4A6AB13F20A3 /* SimNapDemo.app */;
			productType = "com.apple.product-type.application";
		};
/* End PBXNativeTarget section */

/* Begin PBXProject section */
		A95CC526588044698C2EADBE /* Project object */ = {
			isa = PBXProject;
			attributes = {
				BuildIndependentTargetsInParallel = 1;
				LastSwiftUpdateCheck = 1530;
				LastUpgradeCheck = 1530;
				ORGANIZATIONNAME = "SimNap";
			};
			buildConfigurationList = 585F38D58101467081788C69 /* Build configuration list for PBXProject "SimNapDemo" */;
			compatibilityVersion = "Xcode 14.0";
			developmentRegion = en;
			hasScannedForEncodings = 0;
			knownRegions = (
				en,
				Base,
			);
			mainGroup = 634F911F14C64960BDA0A9D4;
			packageReferences = (
				790389ADE6404656A339A940 /* XCLocalSwiftPackageReference ".." */,
			);
			productRefGroup = 6765CC8CBFF14D80B2ABDE62 /* Products */;
			projectDirPath = "";
			projectRoot = "";
			targets = (
				6BDF78A5760E485CB6F1EF25 /* SimNapDemo */,
			);
		};
/* End PBXProject section */

/* Begin PBXResourcesBuildPhase section */
		A2D03F9E57EE452D95104831 /* Resources */ = {
			isa = PBXResourcesBuildPhase;
			buildActionMask = 2147483647;
			files = (
			);
			runOnlyForDeploymentPostprocessing = 0;
		};
/* End PBXResourcesBuildPhase section */

/* Begin PBXSourcesBuildPhase section */
		35BC0E11E50F468682710575 /* Sources */ = {
			isa = PBXSourcesBuildPhase;
			buildActionMask = 2147483647;
			files = (
				FED3AD92C2264A13B4916C62 /* SimNapDemoApp.swift in Sources */,
				7E815486992F4A5A90DCEBD8 /* ContentView.swift in Sources */,
				B0D1DDF9029D4BCD8A1F3F0E /* RequestClient.swift in Sources */,
				E993B251EC804815AC2A6A9E /* ScenarioRunner.swift in Sources */,
				537F974F443F46B8A36ECC2A /* HostAppProtocol.swift in Sources */,
			);
			runOnlyForDeploymentPostprocessing = 0;
		};
/* End PBXSourcesBuildPhase section */

/* Begin XCBuildConfiguration section */
		35F691755E7F46D3B170ED12 /* Debug */ = {
			isa = XCBuildConfiguration;
			buildSettings = {
				ALWAYS_SEARCH_USER_PATHS = NO;
				CLANG_ANALYZER_NONNULL = YES;
				CLANG_ENABLE_MODULES = YES;
				CLANG_ENABLE_OBJC_ARC = YES;
				CLANG_WARN_DOCUMENTATION_COMMENTS = YES;
				COPY_PHASE_STRIP = NO;
				DEBUG_INFORMATION_FORMAT = dwarf;
				ENABLE_STRICT_OBJC_MSGSEND = YES;
				ENABLE_TESTABILITY = YES;
				GCC_C_LANGUAGE_STANDARD = gnu11;
				GCC_DYNAMIC_NO_PIC = NO;
				GCC_NO_COMMON_BLOCKS = YES;
				GCC_OPTIMIZATION_LEVEL = 0;
				GCC_PREPROCESSOR_DEFINITIONS = (
					"DEBUG=1",
					"$(inherited)",
				);
				IPHONEOS_DEPLOYMENT_TARGET = 17.0;
				MTL_ENABLE_DEBUG_INFO = INCLUDE_SOURCE;
				MTL_FAST_MATH = YES;
				ONLY_ACTIVE_ARCH = YES;
				SDKROOT = iphoneos;
				SWIFT_ACTIVE_COMPILATION_CONDITIONS = DEBUG;
				SWIFT_OPTIMIZATION_LEVEL = "-Onone";
				SWIFT_VERSION = 5.0;
			};
			name = Debug;
		};
		DB1E202BF31E46C7A1D53E42 /* Release */ = {
			isa = XCBuildConfiguration;
			buildSettings = {
				ALWAYS_SEARCH_USER_PATHS = NO;
				CLANG_ANALYZER_NONNULL = YES;
				CLANG_ENABLE_MODULES = YES;
				CLANG_ENABLE_OBJC_ARC = YES;
				CLANG_WARN_DOCUMENTATION_COMMENTS = YES;
				COPY_PHASE_STRIP = NO;
				DEBUG_INFORMATION_FORMAT = "dwarf-with-dsym";
				ENABLE_NS_ASSERTIONS = NO;
				ENABLE_STRICT_OBJC_MSGSEND = YES;
				GCC_C_LANGUAGE_STANDARD = gnu11;
				GCC_NO_COMMON_BLOCKS = YES;
				IPHONEOS_DEPLOYMENT_TARGET = 17.0;
				MTL_ENABLE_DEBUG_INFO = NO;
				MTL_FAST_MATH = YES;
				SDKROOT = iphoneos;
				SWIFT_COMPILATION_MODE = wholemodule;
				SWIFT_VERSION = 5.0;
				VALIDATE_PRODUCT = YES;
			};
			name = Release;
		};
		0912FC65F35243E6A0497877 /* Debug */ = {
			isa = XCBuildConfiguration;
			buildSettings = {
				ASSETCATALOG_COMPILER_GENERATE_ASSET_SYMBOLS = NO;
				CODE_SIGN_IDENTITY = "";
				CODE_SIGN_STYLE = Automatic;
				CODE_SIGNING_ALLOWED = NO;
				CODE_SIGNING_REQUIRED = NO;
				CURRENT_PROJECT_VERSION = 1;
				DEVELOPMENT_TEAM = "";
				ENABLE_PREVIEWS = YES;
				GENERATE_INFOPLIST_FILE = YES;
				INFOPLIST_KEY_CFBundleDisplayName = "SimNap Demo";
				INFOPLIST_KEY_UIApplicationSceneManifest_Generation = YES;
				INFOPLIST_KEY_UIApplicationSupportsIndirectInputEvents = YES;
				INFOPLIST_KEY_UILaunchScreen_Generation = YES;
				INFOPLIST_KEY_UISupportedInterfaceOrientations = "UIInterfaceOrientationPortrait UIInterfaceOrientationLandscapeLeft UIInterfaceOrientationLandscapeRight";
				INFOPLIST_KEY_UISupportedInterfaceOrientations_iPad = "UIInterfaceOrientationPortrait UIInterfaceOrientationPortraitUpsideDown UIInterfaceOrientationLandscapeLeft UIInterfaceOrientationLandscapeRight";
				LD_RUNPATH_SEARCH_PATHS = (
					"$(inherited)",
					"@executable_path/Frameworks",
				);
				MARKETING_VERSION = 1.0;
				PRODUCT_BUNDLE_IDENTIFIER = "com.simnap.demo";
				PRODUCT_NAME = "$(TARGET_NAME)";
				SWIFT_EMIT_LOC_STRINGS = YES;
				SWIFT_VERSION = 5.0;
				TARGETED_DEVICE_FAMILY = "1,2";
			};
			name = Debug;
		};
		79014784EB4E44A3AA566553 /* Release */ = {
			isa = XCBuildConfiguration;
			buildSettings = {
				ASSETCATALOG_COMPILER_GENERATE_ASSET_SYMBOLS = NO;
				CODE_SIGN_IDENTITY = "";
				CODE_SIGN_STYLE = Automatic;
				CODE_SIGNING_ALLOWED = NO;
				CODE_SIGNING_REQUIRED = NO;
				CURRENT_PROJECT_VERSION = 1;
				DEVELOPMENT_TEAM = "";
				ENABLE_PREVIEWS = YES;
				GENERATE_INFOPLIST_FILE = YES;
				INFOPLIST_KEY_CFBundleDisplayName = "SimNap Demo";
				INFOPLIST_KEY_UIApplicationSceneManifest_Generation = YES;
				INFOPLIST_KEY_UIApplicationSupportsIndirectInputEvents = YES;
				INFOPLIST_KEY_UILaunchScreen_Generation = YES;
				INFOPLIST_KEY_UISupportedInterfaceOrientations = "UIInterfaceOrientationPortrait UIInterfaceOrientationLandscapeLeft UIInterfaceOrientationLandscapeRight";
				INFOPLIST_KEY_UISupportedInterfaceOrientations_iPad = "UIInterfaceOrientationPortrait UIInterfaceOrientationPortraitUpsideDown UIInterfaceOrientationLandscapeLeft UIInterfaceOrientationLandscapeRight";
				LD_RUNPATH_SEARCH_PATHS = (
					"$(inherited)",
					"@executable_path/Frameworks",
				);
				MARKETING_VERSION = 1.0;
				PRODUCT_BUNDLE_IDENTIFIER = "com.simnap.demo";
				PRODUCT_NAME = "$(TARGET_NAME)";
				SWIFT_EMIT_LOC_STRINGS = YES;
				SWIFT_VERSION = 5.0;
				TARGETED_DEVICE_FAMILY = "1,2";
			};
			name = Release;
		};
/* End XCBuildConfiguration section */

/* Begin XCConfigurationList section */
		585F38D58101467081788C69 /* Build configuration list for PBXProject "SimNapDemo" */ = {
			isa = XCConfigurationList;
			buildConfigurations = (
				35F691755E7F46D3B170ED12 /* Debug */,
				DB1E202BF31E46C7A1D53E42 /* Release */,
			);
			defaultConfigurationIsVisible = 0;
			defaultConfigurationName = Release;
		};
		1474B345AC064B43B41455AC /* Build configuration list for PBXNativeTarget "SimNapDemo" */ = {
			isa = XCConfigurationList;
			buildConfigurations = (
				0912FC65F35243E6A0497877 /* Debug */,
				79014784EB4E44A3AA566553 /* Release */,
			);
			defaultConfigurationIsVisible = 0;
			defaultConfigurationName = Release;
		};
/* End XCConfigurationList section */

/* Begin XCLocalSwiftPackageReference section */
		790389ADE6404656A339A940 /* XCLocalSwiftPackageReference ".." */ = {
			isa = XCLocalSwiftPackageReference;
			relativePath = "..";
		};
/* End XCLocalSwiftPackageReference section */

/* Begin XCSwiftPackageProductDependency section */
		89ABF95FE9D347BB8A9A608D /* SimulatorNetworkCore */ = {
			isa = XCSwiftPackageProductDependency;
			productName = SimulatorNetworkCore;
		};
/* End XCSwiftPackageProductDependency section */
	};
	rootObject = A95CC526588044698C2EADBE /* Project object */;
}
